{
  "requires": true,
  "lockfileVersion": 1,
  "dependencies": {
    "plotly.js-basic-dist-min": {
      "version": "1.58.4",
      "resolved": "https://registry.npmjs.org/plotly.js-basic-dist-min/-/plotly.js-basic-dist-min-1.58.4.tgz",
      "integrity": "sha512-Z/1xo+OYhBcuGPw1B2+BvTEuwiPutPqVVH/C/CrHeAsNYmmUyR/c1KtnAhZq0izd0s2V+GDwsOWn+g7iSz2psA=="
    }
  }
}
